
Microsoft Visual Studio Solution File, Format Version 12.00
# Visual Studio Version 16
VisualStudioVersion = 16.0.31424.327
MinimumVisualStudioVersion = 10.0.40219.1
Project("{FAE04EC0-301F-11D3-BF4B-00C04F79EFBC}") = "KazanBooks.DAL", "KazanBooks.DAL\KazanBooks.DAL.csproj", "{C5DD333A-E765-4369-93B4-B485B79FF14B}"
EndProject
Project("{FAE04EC0-301F-11D3-BF4B-00C04F79EFBC}") = "KazanBooks.WEB", "KazanBooks.WEB\KazanBooks.WEB.csproj", "{45FB779E-5B30-4D2C-8349-08592D38D011}"
EndProject
Project("{FAE04EC0-301F-11D3-BF4B-00C04F79EFBC}") = "KazanBooks.BAL", "KazanBooks.BAL\KazanBooks.BAL.csproj", "{D079D252-0844-4F34-B3E1-35FF26FB72BE}"
EndProject
Global
	GlobalSection(SolutionConfigurationPlatforms) = preSolution
		Debug|Any CPU = Debug|Any CPU
		Release|Any CPU = Release|Any CPU
	EndGlobalSection
	GlobalSection(ProjectConfigurationPlatforms) = postSolution
		{C5DD333A-E765-4369-93B4-B485B79FF14B}.Debug|Any CPU.ActiveCfg = Debug|Any CPU
		{C5DD333A-E765-4369-93B4-B485B79FF14B}.Debug|Any CPU.Build.0 = Debug|Any CPU
		{C5DD333A-E765-4369-93B4-B485B79FF14B}.Release|Any CPU.ActiveCfg = Release|Any CPU
		{C5DD333A-E765-4369-93B4-B485B79FF14B}.Release|Any CPU.Build.0 = Release|Any CPU
		{45FB779E-5B30-4D2C-8349-08592D38D011}.Debug|Any CPU.ActiveCfg = Debug|Any CPU
		{45FB779E-5B30-4D2C-8349-08592D38D011}.Debug|Any CPU.Build.0 = Debug|Any CPU
		{45FB779E-5B30-4D2C-8349-08592D38D011}.Release|Any CPU.ActiveCfg = Release|Any CPU
		{45FB779E-5B30-4D2C-8349-08592D38D011}.Release|Any CPU.Build.0 = Release|Any CPU
		{D079D252-0844-4F34-B3E1-35FF26FB72BE}.Debug|Any CPU.ActiveCfg = Debug|Any CPU
		{D079D252-0844-4F34-B3E1-35FF26FB72BE}.Debug|Any CPU.Build.0 = Debug|Any CPU
		{D079D252-0844-4F34-B3E1-35FF26FB72BE}.Release|Any CPU.ActiveCfg = Release|Any CPU
		{D079D252-0844-4F34-B3E1-35FF26FB72BE}.Release|Any CPU.Build.0 = Release|Any CPU
	EndGlobalSection
	GlobalSection(SolutionProperties) = preSolution
		HideSolutionNode = FALSE
	EndGlobalSection
	GlobalSection(ExtensibilityGlobals) = postSolution
		SolutionGuid = {45CE9A66-D979-446E-85AF-EFE542A71F12}
	EndGlobalSection
EndGlobal
